{
  "lockfileVersion": 1,
  "workspaces": {
    "": {
      "dependencies": {
        "i18next-browser-languagedetector": "^8.2.0",
      },
    },
  },
  "packages": {
    "@babel/runtime": ["@babel/runtime@7.28.4", "", {}, "sha512-Q/N6JNWvIvPnLDvjlE1OUBLPQHH6l3CltCEsHIujp45zQUSSh8K+gHnaEX45yAT1nyngnINhvWtzN+Nb9D8RAQ=="],

    "i18next-browser-languagedetector": ["i18next-browser-languagedetector@8.2.0", "", { "dependencies": { "@babel/runtime": "^7.23.2" } }, "sha512-P+3zEKLnOF0qmiesW383vsLdtQVyKtCNA9cjSoKCppTKPQVfKd2W8hbVo5ZhNJKDqeM7BOcvNoKJOjpHh4Js9g=="],
  }
}
